
Microsoft Visual Studio Solution File, Format Version 12.00
# Visual Studio Version 16
VisualStudioVersion = 16.0.29613.14
MinimumVisualStudioVersion = 10.0.40219.1
Project("{9A19103F-16F7-4668-BE54-9A1E7A4F7556}") = "Carlton.Dashboard.Client", "frontend\Carlton.Dashboard.Client\Carlton.Dashboard.Client.csproj", "{AB1CF55B-DBFC-4064-A560-30D10D02EED9}"
EndProject
Project("{9A19103F-16F7-4668-BE54-9A1E7A4F7556}") = "Carlton.Dashboard.Components", "libs\Carlton.Dashboard.Components\Carlton.Dashboard.Components.csproj", "{48889496-5E13-4C9F-9BC8-162385357405}"
EndProject
Project("{9A19103F-16F7-4668-BE54-9A1E7A4F7556}") = "Carlton.Dashboard.ViewModels", "libs\Carlton.Dashboard.ViewModels\Carlton.Dashboard.ViewModels.csproj", "{1F150B3B-86BF-44D5-8628-E33B077A39CC}"
EndProject
Project("{9A19103F-16F7-4668-BE54-9A1E7A4F7556}") = "Carlton.TestBed.Client", "frontend\Carlton.TestBed.Client\Carlton.TestBed.Client.csproj", "{B66E6D10-3DDC-44F2-9851-2F37A9A849C9}"
EndProject
Project("{9A19103F-16F7-4668-BE54-9A1E7A4F7556}") = "Carlton.Base.Client", "libs\Carlton.Base.Infrastructure.Client\Carlton.Base.Client.csproj", "{9856B2E3-AA9E-4FE2-9F0D-3DB4EA6B5C3E}"
EndProject
Project("{2150E333-8FDC-42A3-9474-1A3956D46DE8}") = "Base", "Base", "{B9E0019C-401B-4C47-B8AF-0D9E13CD82FF}"
EndProject
Project("{9A19103F-16F7-4668-BE54-9A1E7A4F7556}") = "Carlton.Base.Infrastructure", "libs\Carlton.Base.Infrastructure\Carlton.Base.Infrastructure.csproj", "{31D20A60-73FE-43FC-9F28-CDBCB26E7554}"
EndProject
Project("{9A19103F-16F7-4668-BE54-9A1E7A4F7556}") = "Carlton.Base.Infrastructure.Server", "libs\Carlton.Base.Infrastructure.Server\Carlton.Base.Infrastructure.Server.csproj", "{E7D79411-CA20-4269-BC59-E835E87EC63F}"
EndProject
Project("{2150E333-8FDC-42A3-9474-1A3956D46DE8}") = "Solution Items", "Solution Items", "{3DB173AA-8173-4539-82D1-D4541B6CA350}"
	ProjectSection(SolutionItems) = preProject
		.editorconfig = .editorconfig
	EndProjectSection
EndProject
Project("{9A19103F-16F7-4668-BE54-9A1E7A4F7556}") = "Carlton.Dashboard.Components.Test", "frontend\Carlton.Dashboard.Components.Test\Carlton.Dashboard.Components.Test.csproj", "{A661E27F-A8D8-4330-A033-2D2465518532}"
EndProject
Project("{9A19103F-16F7-4668-BE54-9A1E7A4F7556}") = "Carlton.Base.Client.State", "Carlton.Base.Client.State\Carlton.Base.Client.State.csproj", "{C9112635-78BD-4CB0-A75A-E87A54F0F9FD}"
EndProject
Global
	GlobalSection(SolutionConfigurationPlatforms) = preSolution
		Debug|Any CPU = Debug|Any CPU
		Release|Any CPU = Release|Any CPU
	EndGlobalSection
	GlobalSection(ProjectConfigurationPlatforms) = postSolution
		{AB1CF55B-DBFC-4064-A560-30D10D02EED9}.Debug|Any CPU.ActiveCfg = Debug|Any CPU
		{AB1CF55B-DBFC-4064-A560-30D10D02EED9}.Debug|Any CPU.Build.0 = Debug|Any CPU
		{AB1CF55B-DBFC-4064-A560-30D10D02EED9}.Release|Any CPU.ActiveCfg = Release|Any CPU
		{AB1CF55B-DBFC-4064-A560-30D10D02EED9}.Release|Any CPU.Build.0 = Release|Any CPU
		{48889496-5E13-4C9F-9BC8-162385357405}.Debug|Any CPU.ActiveCfg = Debug|Any CPU
		{48889496-5E13-4C9F-9BC8-162385357405}.Debug|Any CPU.Build.0 = Debug|Any CPU
		{48889496-5E13-4C9F-9BC8-162385357405}.Release|Any CPU.ActiveCfg = Release|Any CPU
		{48889496-5E13-4C9F-9BC8-162385357405}.Release|Any CPU.Build.0 = Release|Any CPU
		{1F150B3B-86BF-44D5-8628-E33B077A39CC}.Debug|Any CPU.ActiveCfg = Debug|Any CPU
		{1F150B3B-86BF-44D5-8628-E33B077A39CC}.Debug|Any CPU.Build.0 = Debug|Any CPU
		{1F150B3B-86BF-44D5-8628-E33B077A39CC}.Release|Any CPU.ActiveCfg = Release|Any CPU
		{1F150B3B-86BF-44D5-8628-E33B077A39CC}.Release|Any CPU.Build.0 = Release|Any CPU
		{B66E6D10-3DDC-44F2-9851-2F37A9A849C9}.Debug|Any CPU.ActiveCfg = Debug|Any CPU
		{B66E6D10-3DDC-44F2-9851-2F37A9A849C9}.Debug|Any CPU.Build.0 = Debug|Any CPU
		{B66E6D10-3DDC-44F2-9851-2F37A9A849C9}.Release|Any CPU.ActiveCfg = Release|Any CPU
		{B66E6D10-3DDC-44F2-9851-2F37A9A849C9}.Release|Any CPU.Build.0 = Release|Any CPU
		{9856B2E3-AA9E-4FE2-9F0D-3DB4EA6B5C3E}.Debug|Any CPU.ActiveCfg = Debug|Any CPU
		{9856B2E3-AA9E-4FE2-9F0D-3DB4EA6B5C3E}.Debug|Any CPU.Build.0 = Debug|Any CPU
		{9856B2E3-AA9E-4FE2-9F0D-3DB4EA6B5C3E}.Release|Any CPU.ActiveCfg = Release|Any CPU
		{9856B2E3-AA9E-4FE2-9F0D-3DB4EA6B5C3E}.Release|Any CPU.Build.0 = Release|Any CPU
		{31D20A60-73FE-43FC-9F28-CDBCB26E7554}.Debug|Any CPU.ActiveCfg = Debug|Any CPU
		{31D20A60-73FE-43FC-9F28-CDBCB26E7554}.Debug|Any CPU.Build.0 = Debug|Any CPU
		{31D20A60-73FE-43FC-9F28-CDBCB26E7554}.Release|Any CPU.ActiveCfg = Release|Any CPU
		{31D20A60-73FE-43FC-9F28-CDBCB26E7554}.Release|Any CPU.Build.0 = Release|Any CPU
		{E7D79411-CA20-4269-BC59-E835E87EC63F}.Debug|Any CPU.ActiveCfg = Debug|Any CPU
		{E7D79411-CA20-4269-BC59-E835E87EC63F}.Debug|Any CPU.Build.0 = Debug|Any CPU
		{E7D79411-CA20-4269-BC59-E835E87EC63F}.Release|Any CPU.ActiveCfg = Release|Any CPU
		{E7D79411-CA20-4269-BC59-E835E87EC63F}.Release|Any CPU.Build.0 = Release|Any CPU
		{A661E27F-A8D8-4330-A033-2D2465518532}.Debug|Any CPU.ActiveCfg = Debug|Any CPU
		{A661E27F-A8D8-4330-A033-2D2465518532}.Debug|Any CPU.Build.0 = Debug|Any CPU
		{A661E27F-A8D8-4330-A033-2D2465518532}.Release|Any CPU.ActiveCfg = Release|Any CPU
		{A661E27F-A8D8-4330-A033-2D2465518532}.Release|Any CPU.Build.0 = Release|Any CPU
		{C9112635-78BD-4CB0-A75A-E87A54F0F9FD}.Debug|Any CPU.ActiveCfg = Debug|Any CPU
		{C9112635-78BD-4CB0-A75A-E87A54F0F9FD}.Debug|Any CPU.Build.0 = Debug|Any CPU
		{C9112635-78BD-4CB0-A75A-E87A54F0F9FD}.Release|Any CPU.ActiveCfg = Release|Any CPU
		{C9112635-78BD-4CB0-A75A-E87A54F0F9FD}.Release|Any CPU.Build.0 = Release|Any CPU
	EndGlobalSection
	GlobalSection(SolutionProperties) = preSolution
		HideSolutionNode = FALSE
	EndGlobalSection
	GlobalSection(NestedProjects) = preSolution
		{9856B2E3-AA9E-4FE2-9F0D-3DB4EA6B5C3E} = {B9E0019C-401B-4C47-B8AF-0D9E13CD82FF}
		{31D20A60-73FE-43FC-9F28-CDBCB26E7554} = {B9E0019C-401B-4C47-B8AF-0D9E13CD82FF}
		{E7D79411-CA20-4269-BC59-E835E87EC63F} = {B9E0019C-401B-4C47-B8AF-0D9E13CD82FF}
		{C9112635-78BD-4CB0-A75A-E87A54F0F9FD} = {B9E0019C-401B-4C47-B8AF-0D9E13CD82FF}
	EndGlobalSection
	GlobalSection(ExtensibilityGlobals) = postSolution
		SolutionGuid = {DBDE59CF-F00E-4E6B-893E-48336D0796B2}
	EndGlobalSection
EndGlobal
