
Microsoft Visual Studio Solution File, Format Version 12.00
# Visual Studio 15
VisualStudioVersion = 15.0.28010.2036
MinimumVisualStudioVersion = 10.0.40219.1
Project("{9A19103F-16F7-4668-BE54-9A1E7A4F7556}") = "Carlton.Identity", "Carlton.Identity\Carlton.Identity.csproj", "{3B2F0A44-9C01-4F57-ABBB-1E239DFD7801}"
EndProject
Project("{9A19103F-16F7-4668-BE54-9A1E7A4F7556}") = "Carlton.Infrastructure", "Carlton.Infrastructure\Carlton.Infrastructure.csproj", "{FF86A3C2-A974-4EE3-BA67-4A61FAC72A3B}"
EndProject
Project("{2150E333-8FDC-42A3-9474-1A3956D46DE8}") = "Solution Items", "Solution Items", "{C9DB2359-F317-4CBC-9369-99045C5608CE}"
	ProjectSection(SolutionItems) = preProject
		NuGet.config = NuGet.config
	EndProjectSection
EndProject
Project("{9A19103F-16F7-4668-BE54-9A1E7A4F7556}") = "Carlton.Domain", "Carlton.Domain\Carlton.Domain.csproj", "{F63CCB05-69CC-471B-BE4B-CF85156360A6}"
EndProject
Project("{9A19103F-16F7-4668-BE54-9A1E7A4F7556}") = "Carlton.CQRS", "Carlton.CQRS\Carlton.CQRS.csproj", "{2FC10F1F-061B-4553-897A-191A757515FA}"
EndProject
Project("{FAE04EC0-301F-11D3-BF4B-00C04F79EFBC}") = "Carlton.Config.API", "Carlton.Config.API\Carlton.Config.API.csproj", "{716F91B4-0DDC-4481-8D30-DD23B4544F2B}"
EndProject
Project("{FAE04EC0-301F-11D3-BF4B-00C04F79EFBC}") = "Carlton.Config.Data", "Carlton.Config.Data\Carlton.Config.Data.csproj", "{6F95C2E6-EACE-4562-BCCD-9DE1BF79BB78}"
EndProject
Project("{2150E333-8FDC-42A3-9474-1A3956D46DE8}") = "Config", "Config", "{696C7753-97BE-4E10-9D36-79997FA178BB}"
EndProject
Project("{FAE04EC0-301F-11D3-BF4B-00C04F79EFBC}") = "Carlton.Config.Database", "Carlton.Config.Database\Carlton.Config.Database.csproj", "{9A155F43-F910-49C7-8021-C2ABBE1A2881}"
EndProject
Global
	GlobalSection(SolutionConfigurationPlatforms) = preSolution
		Debug|Any CPU = Debug|Any CPU
		Release|Any CPU = Release|Any CPU
	EndGlobalSection
	GlobalSection(ProjectConfigurationPlatforms) = postSolution
		{3B2F0A44-9C01-4F57-ABBB-1E239DFD7801}.Debug|Any CPU.ActiveCfg = Debug|Any CPU
		{3B2F0A44-9C01-4F57-ABBB-1E239DFD7801}.Debug|Any CPU.Build.0 = Debug|Any CPU
		{3B2F0A44-9C01-4F57-ABBB-1E239DFD7801}.Release|Any CPU.ActiveCfg = Release|Any CPU
		{3B2F0A44-9C01-4F57-ABBB-1E239DFD7801}.Release|Any CPU.Build.0 = Release|Any CPU
		{FF86A3C2-A974-4EE3-BA67-4A61FAC72A3B}.Debug|Any CPU.ActiveCfg = Debug|Any CPU
		{FF86A3C2-A974-4EE3-BA67-4A61FAC72A3B}.Debug|Any CPU.Build.0 = Debug|Any CPU
		{FF86A3C2-A974-4EE3-BA67-4A61FAC72A3B}.Release|Any CPU.ActiveCfg = Release|Any CPU
		{FF86A3C2-A974-4EE3-BA67-4A61FAC72A3B}.Release|Any CPU.Build.0 = Release|Any CPU
		{F63CCB05-69CC-471B-BE4B-CF85156360A6}.Debug|Any CPU.ActiveCfg = Debug|Any CPU
		{F63CCB05-69CC-471B-BE4B-CF85156360A6}.Debug|Any CPU.Build.0 = Debug|Any CPU
		{F63CCB05-69CC-471B-BE4B-CF85156360A6}.Release|Any CPU.ActiveCfg = Release|Any CPU
		{F63CCB05-69CC-471B-BE4B-CF85156360A6}.Release|Any CPU.Build.0 = Release|Any CPU
		{2FC10F1F-061B-4553-897A-191A757515FA}.Debug|Any CPU.ActiveCfg = Debug|Any CPU
		{2FC10F1F-061B-4553-897A-191A757515FA}.Debug|Any CPU.Build.0 = Debug|Any CPU
		{2FC10F1F-061B-4553-897A-191A757515FA}.Release|Any CPU.ActiveCfg = Release|Any CPU
		{2FC10F1F-061B-4553-897A-191A757515FA}.Release|Any CPU.Build.0 = Release|Any CPU
		{716F91B4-0DDC-4481-8D30-DD23B4544F2B}.Debug|Any CPU.ActiveCfg = Debug|Any CPU
		{716F91B4-0DDC-4481-8D30-DD23B4544F2B}.Debug|Any CPU.Build.0 = Debug|Any CPU
		{716F91B4-0DDC-4481-8D30-DD23B4544F2B}.Release|Any CPU.ActiveCfg = Release|Any CPU
		{716F91B4-0DDC-4481-8D30-DD23B4544F2B}.Release|Any CPU.Build.0 = Release|Any CPU
		{6F95C2E6-EACE-4562-BCCD-9DE1BF79BB78}.Debug|Any CPU.ActiveCfg = Debug|Any CPU
		{6F95C2E6-EACE-4562-BCCD-9DE1BF79BB78}.Debug|Any CPU.Build.0 = Debug|Any CPU
		{6F95C2E6-EACE-4562-BCCD-9DE1BF79BB78}.Release|Any CPU.ActiveCfg = Release|Any CPU
		{6F95C2E6-EACE-4562-BCCD-9DE1BF79BB78}.Release|Any CPU.Build.0 = Release|Any CPU
		{9A155F43-F910-49C7-8021-C2ABBE1A2881}.Debug|Any CPU.ActiveCfg = Debug|Any CPU
		{9A155F43-F910-49C7-8021-C2ABBE1A2881}.Debug|Any CPU.Build.0 = Debug|Any CPU
		{9A155F43-F910-49C7-8021-C2ABBE1A2881}.Release|Any CPU.ActiveCfg = Release|Any CPU
		{9A155F43-F910-49C7-8021-C2ABBE1A2881}.Release|Any CPU.Build.0 = Release|Any CPU
	EndGlobalSection
	GlobalSection(SolutionProperties) = preSolution
		HideSolutionNode = FALSE
	EndGlobalSection
	GlobalSection(NestedProjects) = preSolution
		{716F91B4-0DDC-4481-8D30-DD23B4544F2B} = {696C7753-97BE-4E10-9D36-79997FA178BB}
		{6F95C2E6-EACE-4562-BCCD-9DE1BF79BB78} = {696C7753-97BE-4E10-9D36-79997FA178BB}
		{9A155F43-F910-49C7-8021-C2ABBE1A2881} = {696C7753-97BE-4E10-9D36-79997FA178BB}
	EndGlobalSection
	GlobalSection(ExtensibilityGlobals) = postSolution
		SolutionGuid = {BC9A27BE-EC98-4CCA-A4AF-1420205FA8FF}
	EndGlobalSection
EndGlobal
